
Microsoft Visual Studio Solution File, Format Version 12.00
# Visual Studio Version 16
VisualStudioVersion = 16.0.30804.86
MinimumVisualStudioVersion = 10.0.40219.1
Project("{9A19103F-16F7-4668-BE54-9A1E7A4F7556}") = "KampIntro", "KampIntro\KampIntro.csproj", "{E892E1A2-D87E-442A-B60D-FC6BA8F0DB2B}"
EndProject
Project("{9A19103F-16F7-4668-BE54-9A1E7A4F7556}") = "Donguler", "Donguler\Donguler.csproj", "{7986848B-69F2-44E5-8947-65AACD590807}"
EndProject
Project("{9A19103F-16F7-4668-BE54-9A1E7A4F7556}") = "ClassIntro", "ClassIntro\ClassIntro.csproj", "{0106D678-DA99-4189-874F-64C990704D79}"
EndProject
Project("{9A19103F-16F7-4668-BE54-9A1E7A4F7556}") = "Metodlar", "Metodlar\Metodlar.csproj", "{B5DF9594-356B-481A-A1A2-AF82AEDF3518}"
EndProject
Project("{9A19103F-16F7-4668-BE54-9A1E7A4F7556}") = "Matematik", "Matematik\Matematik.csproj", "{BA47668A-2462-417C-B8C3-11D2EB03D38F}"
EndProject
Project("{9A19103F-16F7-4668-BE54-9A1E7A4F7556}") = "DegerVeReferansTipler", "DegerVeReferansTipler\DegerVeReferansTipler.csproj", "{E01EEA76-21F9-4162-BAB7-68C3FE8CE0F5}"
EndProject
Project("{9A19103F-16F7-4668-BE54-9A1E7A4F7556}") = "OOP1", "OOP1\OOP1.csproj", "{0B6421F5-D7E6-4B17-9850-DF25D059533A}"
EndProject
Project("{9A19103F-16F7-4668-BE54-9A1E7A4F7556}") = "Koleksiyonlar", "Koleksiyonlar\Koleksiyonlar.csproj", "{C2DC4C1D-EF88-40D6-8F6A-9345666EC62B}"
EndProject
Project("{9A19103F-16F7-4668-BE54-9A1E7A4F7556}") = "GenericsIntro", "GenericsIntro\GenericsIntro.csproj", "{50AAB3F8-954D-45C2-A797-2BE63BA7A799}"
EndProject
Project("{9A19103F-16F7-4668-BE54-9A1E7A4F7556}") = "OOP2", "OOP2\OOP2.csproj", "{81B268A7-4348-4EBB-BC01-9E876602960E}"
EndProject
Project("{9A19103F-16F7-4668-BE54-9A1E7A4F7556}") = "OOP3", "OOP3\OOP3.csproj", "{94790022-D728-44F8-AA52-64D2A40618D1}"
EndProject
Project("{FAE04EC0-301F-11D3-BF4B-00C04F79EFBC}") = "GameProject", "GameProject\GameProject.csproj", "{A89046A6-31A3-450A-998E-2E25B193AEBB}"
EndProject
Global
	GlobalSection(SolutionConfigurationPlatforms) = preSolution
		Debug|Any CPU = Debug|Any CPU
		Release|Any CPU = Release|Any CPU
	EndGlobalSection
	GlobalSection(ProjectConfigurationPlatforms) = postSolution
		{E892E1A2-D87E-442A-B60D-FC6BA8F0DB2B}.Debug|Any CPU.ActiveCfg = Debug|Any CPU
		{E892E1A2-D87E-442A-B60D-FC6BA8F0DB2B}.Debug|Any CPU.Build.0 = Debug|Any CPU
		{E892E1A2-D87E-442A-B60D-FC6BA8F0DB2B}.Release|Any CPU.ActiveCfg = Release|Any CPU
		{E892E1A2-D87E-442A-B60D-FC6BA8F0DB2B}.Release|Any CPU.Build.0 = Release|Any CPU
		{7986848B-69F2-44E5-8947-65AACD590807}.Debug|Any CPU.ActiveCfg = Debug|Any CPU
		{7986848B-69F2-44E5-8947-65AACD590807}.Debug|Any CPU.Build.0 = Debug|Any CPU
		{7986848B-69F2-44E5-8947-65AACD590807}.Release|Any CPU.ActiveCfg = Release|Any CPU
		{7986848B-69F2-44E5-8947-65AACD590807}.Release|Any CPU.Build.0 = Release|Any CPU
		{0106D678-DA99-4189-874F-64C990704D79}.Debug|Any CPU.ActiveCfg = Debug|Any CPU
		{0106D678-DA99-4189-874F-64C990704D79}.Debug|Any CPU.Build.0 = Debug|Any CPU
		{0106D678-DA99-4189-874F-64C990704D79}.Release|Any CPU.ActiveCfg = Release|Any CPU
		{0106D678-DA99-4189-874F-64C990704D79}.Release|Any CPU.Build.0 = Release|Any CPU
		{B5DF9594-356B-481A-A1A2-AF82AEDF3518}.Debug|Any CPU.ActiveCfg = Debug|Any CPU
		{B5DF9594-356B-481A-A1A2-AF82AEDF3518}.Debug|Any CPU.Build.0 = Debug|Any CPU
		{B5DF9594-356B-481A-A1A2-AF82AEDF3518}.Release|Any CPU.ActiveCfg = Release|Any CPU
		{B5DF9594-356B-481A-A1A2-AF82AEDF3518}.Release|Any CPU.Build.0 = Release|Any CPU
		{BA47668A-2462-417C-B8C3-11D2EB03D38F}.Debug|Any CPU.ActiveCfg = Debug|Any CPU
		{BA47668A-2462-417C-B8C3-11D2EB03D38F}.Debug|Any CPU.Build.0 = Debug|Any CPU
		{BA47668A-2462-417C-B8C3-11D2EB03D38F}.Release|Any CPU.ActiveCfg = Release|Any CPU
		{BA47668A-2462-417C-B8C3-11D2EB03D38F}.Release|Any CPU.Build.0 = Release|Any CPU
		{E01EEA76-21F9-4162-BAB7-68C3FE8CE0F5}.Debug|Any CPU.ActiveCfg = Debug|Any CPU
		{E01EEA76-21F9-4162-BAB7-68C3FE8CE0F5}.Debug|Any CPU.Build.0 = Debug|Any CPU
		{E01EEA76-21F9-4162-BAB7-68C3FE8CE0F5}.Release|Any CPU.ActiveCfg = Release|Any CPU
		{E01EEA76-21F9-4162-BAB7-68C3FE8CE0F5}.Release|Any CPU.Build.0 = Release|Any CPU
		{0B6421F5-D7E6-4B17-9850-DF25D059533A}.Debug|Any CPU.ActiveCfg = Debug|Any CPU
		{0B6421F5-D7E6-4B17-9850-DF25D059533A}.Debug|Any CPU.Build.0 = Debug|Any CPU
		{0B6421F5-D7E6-4B17-9850-DF25D059533A}.Release|Any CPU.ActiveCfg = Release|Any CPU
		{0B6421F5-D7E6-4B17-9850-DF25D059533A}.Release|Any CPU.Build.0 = Release|Any CPU
		{C2DC4C1D-EF88-40D6-8F6A-9345666EC62B}.Debug|Any CPU.ActiveCfg = Debug|Any CPU
		{C2DC4C1D-EF88-40D6-8F6A-9345666EC62B}.Debug|Any CPU.Build.0 = Debug|Any CPU
		{C2DC4C1D-EF88-40D6-8F6A-9345666EC62B}.Release|Any CPU.ActiveCfg = Release|Any CPU
		{C2DC4C1D-EF88-40D6-8F6A-9345666EC62B}.Release|Any CPU.Build.0 = Release|Any CPU
		{50AAB3F8-954D-45C2-A797-2BE63BA7A799}.Debug|Any CPU.ActiveCfg = Debug|Any CPU
		{50AAB3F8-954D-45C2-A797-2BE63BA7A799}.Debug|Any CPU.Build.0 = Debug|Any CPU
		{50AAB3F8-954D-45C2-A797-2BE63BA7A799}.Release|Any CPU.ActiveCfg = Release|Any CPU
		{50AAB3F8-954D-45C2-A797-2BE63BA7A799}.Release|Any CPU.Build.0 = Release|Any CPU
		{81B268A7-4348-4EBB-BC01-9E876602960E}.Debug|Any CPU.ActiveCfg = Debug|Any CPU
		{81B268A7-4348-4EBB-BC01-9E876602960E}.Debug|Any CPU.Build.0 = Debug|Any CPU
		{81B268A7-4348-4EBB-BC01-9E876602960E}.Release|Any CPU.ActiveCfg = Release|Any CPU
		{81B268A7-4348-4EBB-BC01-9E876602960E}.Release|Any CPU.Build.0 = Release|Any CPU
		{94790022-D728-44F8-AA52-64D2A40618D1}.Debug|Any CPU.ActiveCfg = Debug|Any CPU
		{94790022-D728-44F8-AA52-64D2A40618D1}.Debug|Any CPU.Build.0 = Debug|Any CPU
		{94790022-D728-44F8-AA52-64D2A40618D1}.Release|Any CPU.ActiveCfg = Release|Any CPU
		{94790022-D728-44F8-AA52-64D2A40618D1}.Release|Any CPU.Build.0 = Release|Any CPU
		{A89046A6-31A3-450A-998E-2E25B193AEBB}.Debug|Any CPU.ActiveCfg = Debug|Any CPU
		{A89046A6-31A3-450A-998E-2E25B193AEBB}.Debug|Any CPU.Build.0 = Debug|Any CPU
		{A89046A6-31A3-450A-998E-2E25B193AEBB}.Release|Any CPU.ActiveCfg = Release|Any CPU
		{A89046A6-31A3-450A-998E-2E25B193AEBB}.Release|Any CPU.Build.0 = Release|Any CPU
	EndGlobalSection
	GlobalSection(SolutionProperties) = preSolution
		HideSolutionNode = FALSE
	EndGlobalSection
	GlobalSection(ExtensibilityGlobals) = postSolution
		SolutionGuid = {E9ED506E-E897-494A-AB58-962D868D3507}
	EndGlobalSection
EndGlobal
