
Microsoft Visual Studio Solution File, Format Version 12.00
# Visual Studio Version 17
VisualStudioVersion = 17.7.34031.279
MinimumVisualStudioVersion = 10.0.40219.1
Project("{9A19103F-16F7-4668-BE54-9A1E7A4F7556}") = "KampIntro", "KampIntro\KampIntro.csproj", "{82FC1423-E6FF-4EC8-903E-5F76ECCD5392}"
EndProject
Project("{9A19103F-16F7-4668-BE54-9A1E7A4F7556}") = "Donguler", "Dongüler\Donguler.csproj", "{39B7107D-8CEA-439F-8F16-EF088CE63FC5}"
EndProject
Project("{9A19103F-16F7-4668-BE54-9A1E7A4F7556}") = "ClassIntro", "ClassIntro\ClassIntro.csproj", "{70EF4FD9-19C5-48C2-BF2B-B014124DB0DB}"
EndProject
Project("{9A19103F-16F7-4668-BE54-9A1E7A4F7556}") = "Lesson2Homework6", "lesson2Homework6\Lesson2Homework6.csproj", "{541A07CB-E9F8-476D-B223-21B246EA07B5}"
EndProject
Project("{9A19103F-16F7-4668-BE54-9A1E7A4F7556}") = "Metotlar", "Metotlar\Metotlar.csproj", "{E093E3A7-7380-4BAF-AA91-485B2F0D4232}"
EndProject
Project("{9A19103F-16F7-4668-BE54-9A1E7A4F7556}") = "Matematik", "Matematik\Matematik.csproj", "{AAB9670C-7751-4658-A15C-86E2D42D7C9E}"
EndProject
Project("{9A19103F-16F7-4668-BE54-9A1E7A4F7556}") = "DegerVeReferansTipler", "DegerVeReferansTipler\DegerVeReferansTipler.csproj", "{00D1D274-F072-4585-AB09-C6829C2CFEA0}"
EndProject
Project("{9A19103F-16F7-4668-BE54-9A1E7A4F7556}") = "Lesson3Homework1", "Lesson3Homework1\Lesson3Homework1.csproj", "{84B00638-33DB-438B-B5F8-B6C15FB5D68A}"
EndProject
Project("{9A19103F-16F7-4668-BE54-9A1E7A4F7556}") = "Lesson3Homework3", "Lesson3Homework3\Lesson3Homework3.csproj", "{EC42612E-F28B-4510-808B-25613488643E}"
EndProject
Project("{9A19103F-16F7-4668-BE54-9A1E7A4F7556}") = "OOP1", "OOP1\OOP1.csproj", "{72E685BF-0DEA-4846-A72C-47F5EF345610}"
EndProject
Project("{9A19103F-16F7-4668-BE54-9A1E7A4F7556}") = "Koleksiyonlar", "Koleksiyonlar\Koleksiyonlar.csproj", "{4237444B-E219-40BF-832A-FBF8F194D437}"
EndProject
Project("{9A19103F-16F7-4668-BE54-9A1E7A4F7556}") = "GenericsIntro", "GenericsIntro\GenericsIntro.csproj", "{8D48154A-7768-4DA0-B4A0-1F30B77F46E4}"
EndProject
Project("{9A19103F-16F7-4668-BE54-9A1E7A4F7556}") = "Lesson4Homework1", "Lesson4Homework1\Lesson4Homework1.csproj", "{6C984ACE-2DD2-4C33-A9D7-D174CB351DEC}"
EndProject
Project("{9A19103F-16F7-4668-BE54-9A1E7A4F7556}") = "Lesson4Homework2", "Lesson4Homework2\Lesson4Homework2.csproj", "{5747D868-ABDE-46B9-B690-EB7275252405}"
EndProject
Project("{9A19103F-16F7-4668-BE54-9A1E7A4F7556}") = "Lesson4Homework3", "Lesson4Homework3\Lesson4Homework3.csproj", "{831FBB92-3F04-4912-AAD3-5F0B81DF881E}"
EndProject
Project("{9A19103F-16F7-4668-BE54-9A1E7A4F7556}") = "Lesson4Homework5", "Lesson4Homework5\Lesson4Homework5.csproj", "{B659B69B-F2D2-4318-BCF4-8884222178F0}"
EndProject
Project("{9A19103F-16F7-4668-BE54-9A1E7A4F7556}") = "OOP2", "OOP2\OOP2.csproj", "{9843BF0A-E746-4F34-B64F-14596E83446E}"
EndProject
Project("{9A19103F-16F7-4668-BE54-9A1E7A4F7556}") = "OOP3", "OOP3\OOP3.csproj", "{2C7916A0-1428-430D-BEF8-7E8AEB641ADA}"
EndProject
Project("{9A19103F-16F7-4668-BE54-9A1E7A4F7556}") = "Lesson5Homework1", "Lesson5Homework1\Lesson5Homework1.csproj", "{38E668E8-0E16-4FA5-9231-F38A7C86158B}"
EndProject
Project("{FAE04EC0-301F-11D3-BF4B-00C04F79EFBC}") = "Lesson5Homework1.2", "Lesson5Homework1.2\Lesson5Homework1.2.csproj", "{6B7C8543-5060-4D38-A5EB-02222367D28B}"
EndProject
Project("{9A19103F-16F7-4668-BE54-9A1E7A4F7556}") = "Lesson5Homework1.3", "LessonHomework1.3\Lesson5Homework1.3.csproj", "{8EADF3BA-81CC-40F9-BA2C-CE92FF7D9C13}"
EndProject
Project("{9A19103F-16F7-4668-BE54-9A1E7A4F7556}") = "Lesson5Homework1.4", "Lesson5Homework1.4\Lesson5Homework1.4.csproj", "{2B162265-989B-4BF8-9441-6C4A0EE30EEA}"
EndProject
Project("{9A19103F-16F7-4668-BE54-9A1E7A4F7556}") = "Lesson5Homework1.5", "Lesson5Homework5.5\Lesson5Homework1.5.csproj", "{411E9824-BA8C-4B89-8D65-42B835BCB98E}"
EndProject
Project("{9A19103F-16F7-4668-BE54-9A1E7A4F7556}") = "Lesson5Homework2", "Lesson5Homework2\Lesson5Homework2.csproj", "{D0D8080B-5BA2-4DF4-806F-DEA8D0A60E05}"
EndProject
Project("{9A19103F-16F7-4668-BE54-9A1E7A4F7556}") = "Lesson5Homework4", "Lesson5Homework4\Lesson5Homework4.csproj", "{C31BEF7C-3E40-41A1-931F-50DC3E99BCD8}"
EndProject
Project("{FAE04EC0-301F-11D3-BF4B-00C04F79EFBC}") = "Lesson5Homework5", "Lesson5Homework5\Lesson5Homework5.csproj", "{DA12C9FB-95FA-49C5-B83A-32C0BB75323E}"
EndProject
Global
	GlobalSection(SolutionConfigurationPlatforms) = preSolution
		Debug|Any CPU = Debug|Any CPU
		Release|Any CPU = Release|Any CPU
	EndGlobalSection
	GlobalSection(ProjectConfigurationPlatforms) = postSolution
		{82FC1423-E6FF-4EC8-903E-5F76ECCD5392}.Debug|Any CPU.ActiveCfg = Debug|Any CPU
		{82FC1423-E6FF-4EC8-903E-5F76ECCD5392}.Debug|Any CPU.Build.0 = Debug|Any CPU
		{82FC1423-E6FF-4EC8-903E-5F76ECCD5392}.Release|Any CPU.ActiveCfg = Release|Any CPU
		{82FC1423-E6FF-4EC8-903E-5F76ECCD5392}.Release|Any CPU.Build.0 = Release|Any CPU
		{39B7107D-8CEA-439F-8F16-EF088CE63FC5}.Debug|Any CPU.ActiveCfg = Debug|Any CPU
		{39B7107D-8CEA-439F-8F16-EF088CE63FC5}.Debug|Any CPU.Build.0 = Debug|Any CPU
		{39B7107D-8CEA-439F-8F16-EF088CE63FC5}.Release|Any CPU.ActiveCfg = Release|Any CPU
		{39B7107D-8CEA-439F-8F16-EF088CE63FC5}.Release|Any CPU.Build.0 = Release|Any CPU
		{70EF4FD9-19C5-48C2-BF2B-B014124DB0DB}.Debug|Any CPU.ActiveCfg = Debug|Any CPU
		{70EF4FD9-19C5-48C2-BF2B-B014124DB0DB}.Debug|Any CPU.Build.0 = Debug|Any CPU
		{70EF4FD9-19C5-48C2-BF2B-B014124DB0DB}.Release|Any CPU.ActiveCfg = Release|Any CPU
		{70EF4FD9-19C5-48C2-BF2B-B014124DB0DB}.Release|Any CPU.Build.0 = Release|Any CPU
		{541A07CB-E9F8-476D-B223-21B246EA07B5}.Debug|Any CPU.ActiveCfg = Debug|Any CPU
		{541A07CB-E9F8-476D-B223-21B246EA07B5}.Debug|Any CPU.Build.0 = Debug|Any CPU
		{541A07CB-E9F8-476D-B223-21B246EA07B5}.Release|Any CPU.ActiveCfg = Release|Any CPU
		{541A07CB-E9F8-476D-B223-21B246EA07B5}.Release|Any CPU.Build.0 = Release|Any CPU
		{E093E3A7-7380-4BAF-AA91-485B2F0D4232}.Debug|Any CPU.ActiveCfg = Debug|Any CPU
		{E093E3A7-7380-4BAF-AA91-485B2F0D4232}.Debug|Any CPU.Build.0 = Debug|Any CPU
		{E093E3A7-7380-4BAF-AA91-485B2F0D4232}.Release|Any CPU.ActiveCfg = Release|Any CPU
		{E093E3A7-7380-4BAF-AA91-485B2F0D4232}.Release|Any CPU.Build.0 = Release|Any CPU
		{AAB9670C-7751-4658-A15C-86E2D42D7C9E}.Debug|Any CPU.ActiveCfg = Debug|Any CPU
		{AAB9670C-7751-4658-A15C-86E2D42D7C9E}.Debug|Any CPU.Build.0 = Debug|Any CPU
		{AAB9670C-7751-4658-A15C-86E2D42D7C9E}.Release|Any CPU.ActiveCfg = Release|Any CPU
		{AAB9670C-7751-4658-A15C-86E2D42D7C9E}.Release|Any CPU.Build.0 = Release|Any CPU
		{00D1D274-F072-4585-AB09-C6829C2CFEA0}.Debug|Any CPU.ActiveCfg = Debug|Any CPU
		{00D1D274-F072-4585-AB09-C6829C2CFEA0}.Debug|Any CPU.Build.0 = Debug|Any CPU
		{00D1D274-F072-4585-AB09-C6829C2CFEA0}.Release|Any CPU.ActiveCfg = Release|Any CPU
		{00D1D274-F072-4585-AB09-C6829C2CFEA0}.Release|Any CPU.Build.0 = Release|Any CPU
		{84B00638-33DB-438B-B5F8-B6C15FB5D68A}.Debug|Any CPU.ActiveCfg = Debug|Any CPU
		{84B00638-33DB-438B-B5F8-B6C15FB5D68A}.Debug|Any CPU.Build.0 = Debug|Any CPU
		{84B00638-33DB-438B-B5F8-B6C15FB5D68A}.Release|Any CPU.ActiveCfg = Release|Any CPU
		{84B00638-33DB-438B-B5F8-B6C15FB5D68A}.Release|Any CPU.Build.0 = Release|Any CPU
		{EC42612E-F28B-4510-808B-25613488643E}.Debug|Any CPU.ActiveCfg = Debug|Any CPU
		{EC42612E-F28B-4510-808B-25613488643E}.Debug|Any CPU.Build.0 = Debug|Any CPU
		{EC42612E-F28B-4510-808B-25613488643E}.Release|Any CPU.ActiveCfg = Release|Any CPU
		{EC42612E-F28B-4510-808B-25613488643E}.Release|Any CPU.Build.0 = Release|Any CPU
		{72E685BF-0DEA-4846-A72C-47F5EF345610}.Debug|Any CPU.ActiveCfg = Debug|Any CPU
		{72E685BF-0DEA-4846-A72C-47F5EF345610}.Debug|Any CPU.Build.0 = Debug|Any CPU
		{72E685BF-0DEA-4846-A72C-47F5EF345610}.Release|Any CPU.ActiveCfg = Release|Any CPU
		{72E685BF-0DEA-4846-A72C-47F5EF345610}.Release|Any CPU.Build.0 = Release|Any CPU
		{4237444B-E219-40BF-832A-FBF8F194D437}.Debug|Any CPU.ActiveCfg = Debug|Any CPU
		{4237444B-E219-40BF-832A-FBF8F194D437}.Debug|Any CPU.Build.0 = Debug|Any CPU
		{4237444B-E219-40BF-832A-FBF8F194D437}.Release|Any CPU.ActiveCfg = Release|Any CPU
		{4237444B-E219-40BF-832A-FBF8F194D437}.Release|Any CPU.Build.0 = Release|Any CPU
		{8D48154A-7768-4DA0-B4A0-1F30B77F46E4}.Debug|Any CPU.ActiveCfg = Debug|Any CPU
		{8D48154A-7768-4DA0-B4A0-1F30B77F46E4}.Debug|Any CPU.Build.0 = Debug|Any CPU
		{8D48154A-7768-4DA0-B4A0-1F30B77F46E4}.Release|Any CPU.ActiveCfg = Release|Any CPU
		{8D48154A-7768-4DA0-B4A0-1F30B77F46E4}.Release|Any CPU.Build.0 = Release|Any CPU
		{6C984ACE-2DD2-4C33-A9D7-D174CB351DEC}.Debug|Any CPU.ActiveCfg = Debug|Any CPU
		{6C984ACE-2DD2-4C33-A9D7-D174CB351DEC}.Debug|Any CPU.Build.0 = Debug|Any CPU
		{6C984ACE-2DD2-4C33-A9D7-D174CB351DEC}.Release|Any CPU.ActiveCfg = Release|Any CPU
		{6C984ACE-2DD2-4C33-A9D7-D174CB351DEC}.Release|Any CPU.Build.0 = Release|Any CPU
		{5747D868-ABDE-46B9-B690-EB7275252405}.Debug|Any CPU.ActiveCfg = Debug|Any CPU
		{5747D868-ABDE-46B9-B690-EB7275252405}.Debug|Any CPU.Build.0 = Debug|Any CPU
		{5747D868-ABDE-46B9-B690-EB7275252405}.Release|Any CPU.ActiveCfg = Release|Any CPU
		{5747D868-ABDE-46B9-B690-EB7275252405}.Release|Any CPU.Build.0 = Release|Any CPU
		{831FBB92-3F04-4912-AAD3-5F0B81DF881E}.Debug|Any CPU.ActiveCfg = Debug|Any CPU
		{831FBB92-3F04-4912-AAD3-5F0B81DF881E}.Debug|Any CPU.Build.0 = Debug|Any CPU
		{831FBB92-3F04-4912-AAD3-5F0B81DF881E}.Release|Any CPU.ActiveCfg = Release|Any CPU
		{831FBB92-3F04-4912-AAD3-5F0B81DF881E}.Release|Any CPU.Build.0 = Release|Any CPU
		{B659B69B-F2D2-4318-BCF4-8884222178F0}.Debug|Any CPU.ActiveCfg = Debug|Any CPU
		{B659B69B-F2D2-4318-BCF4-8884222178F0}.Debug|Any CPU.Build.0 = Debug|Any CPU
		{B659B69B-F2D2-4318-BCF4-8884222178F0}.Release|Any CPU.ActiveCfg = Release|Any CPU
		{B659B69B-F2D2-4318-BCF4-8884222178F0}.Release|Any CPU.Build.0 = Release|Any CPU
		{9843BF0A-E746-4F34-B64F-14596E83446E}.Debug|Any CPU.ActiveCfg = Debug|Any CPU
		{9843BF0A-E746-4F34-B64F-14596E83446E}.Debug|Any CPU.Build.0 = Debug|Any CPU
		{9843BF0A-E746-4F34-B64F-14596E83446E}.Release|Any CPU.ActiveCfg = Release|Any CPU
		{9843BF0A-E746-4F34-B64F-14596E83446E}.Release|Any CPU.Build.0 = Release|Any CPU
		{2C7916A0-1428-430D-BEF8-7E8AEB641ADA}.Debug|Any CPU.ActiveCfg = Debug|Any CPU
		{2C7916A0-1428-430D-BEF8-7E8AEB641ADA}.Debug|Any CPU.Build.0 = Debug|Any CPU
		{2C7916A0-1428-430D-BEF8-7E8AEB641ADA}.Release|Any CPU.ActiveCfg = Release|Any CPU
		{2C7916A0-1428-430D-BEF8-7E8AEB641ADA}.Release|Any CPU.Build.0 = Release|Any CPU
		{38E668E8-0E16-4FA5-9231-F38A7C86158B}.Debug|Any CPU.ActiveCfg = Debug|Any CPU
		{38E668E8-0E16-4FA5-9231-F38A7C86158B}.Debug|Any CPU.Build.0 = Debug|Any CPU
		{38E668E8-0E16-4FA5-9231-F38A7C86158B}.Release|Any CPU.ActiveCfg = Release|Any CPU
		{38E668E8-0E16-4FA5-9231-F38A7C86158B}.Release|Any CPU.Build.0 = Release|Any CPU
		{6B7C8543-5060-4D38-A5EB-02222367D28B}.Debug|Any CPU.ActiveCfg = Debug|Any CPU
		{6B7C8543-5060-4D38-A5EB-02222367D28B}.Debug|Any CPU.Build.0 = Debug|Any CPU
		{6B7C8543-5060-4D38-A5EB-02222367D28B}.Release|Any CPU.ActiveCfg = Release|Any CPU
		{6B7C8543-5060-4D38-A5EB-02222367D28B}.Release|Any CPU.Build.0 = Release|Any CPU
		{8EADF3BA-81CC-40F9-BA2C-CE92FF7D9C13}.Debug|Any CPU.ActiveCfg = Debug|Any CPU
		{8EADF3BA-81CC-40F9-BA2C-CE92FF7D9C13}.Debug|Any CPU.Build.0 = Debug|Any CPU
		{8EADF3BA-81CC-40F9-BA2C-CE92FF7D9C13}.Release|Any CPU.ActiveCfg = Release|Any CPU
		{8EADF3BA-81CC-40F9-BA2C-CE92FF7D9C13}.Release|Any CPU.Build.0 = Release|Any CPU
		{2B162265-989B-4BF8-9441-6C4A0EE30EEA}.Debug|Any CPU.ActiveCfg = Debug|Any CPU
		{2B162265-989B-4BF8-9441-6C4A0EE30EEA}.Debug|Any CPU.Build.0 = Debug|Any CPU
		{2B162265-989B-4BF8-9441-6C4A0EE30EEA}.Release|Any CPU.ActiveCfg = Release|Any CPU
		{2B162265-989B-4BF8-9441-6C4A0EE30EEA}.Release|Any CPU.Build.0 = Release|Any CPU
		{411E9824-BA8C-4B89-8D65-42B835BCB98E}.Debug|Any CPU.ActiveCfg = Debug|Any CPU
		{411E9824-BA8C-4B89-8D65-42B835BCB98E}.Debug|Any CPU.Build.0 = Debug|Any CPU
		{411E9824-BA8C-4B89-8D65-42B835BCB98E}.Release|Any CPU.ActiveCfg = Release|Any CPU
		{411E9824-BA8C-4B89-8D65-42B835BCB98E}.Release|Any CPU.Build.0 = Release|Any CPU
		{D0D8080B-5BA2-4DF4-806F-DEA8D0A60E05}.Debug|Any CPU.ActiveCfg = Debug|Any CPU
		{D0D8080B-5BA2-4DF4-806F-DEA8D0A60E05}.Debug|Any CPU.Build.0 = Debug|Any CPU
		{D0D8080B-5BA2-4DF4-806F-DEA8D0A60E05}.Release|Any CPU.ActiveCfg = Release|Any CPU
		{D0D8080B-5BA2-4DF4-806F-DEA8D0A60E05}.Release|Any CPU.Build.0 = Release|Any CPU
		{C31BEF7C-3E40-41A1-931F-50DC3E99BCD8}.Debug|Any CPU.ActiveCfg = Debug|Any CPU
		{C31BEF7C-3E40-41A1-931F-50DC3E99BCD8}.Debug|Any CPU.Build.0 = Debug|Any CPU
		{C31BEF7C-3E40-41A1-931F-50DC3E99BCD8}.Release|Any CPU.ActiveCfg = Release|Any CPU
		{C31BEF7C-3E40-41A1-931F-50DC3E99BCD8}.Release|Any CPU.Build.0 = Release|Any CPU
		{DA12C9FB-95FA-49C5-B83A-32C0BB75323E}.Debug|Any CPU.ActiveCfg = Debug|Any CPU
		{DA12C9FB-95FA-49C5-B83A-32C0BB75323E}.Debug|Any CPU.Build.0 = Debug|Any CPU
		{DA12C9FB-95FA-49C5-B83A-32C0BB75323E}.Release|Any CPU.ActiveCfg = Release|Any CPU
		{DA12C9FB-95FA-49C5-B83A-32C0BB75323E}.Release|Any CPU.Build.0 = Release|Any CPU
	EndGlobalSection
	GlobalSection(SolutionProperties) = preSolution
		HideSolutionNode = FALSE
	EndGlobalSection
	GlobalSection(ExtensibilityGlobals) = postSolution
		SolutionGuid = {824000C2-A4AE-4D63-BE3A-5E6C8D10E66D}
	EndGlobalSection
EndGlobal
